<?xml version="1.0" encoding="utf-8"?>
<Project ToolsVersion="4.0" xmlns="http://schemas.microsoft.com/developer/msbuild/2003">
  <ItemGroup>
    <Filter Include="win32">
      <UniqueIdentifier>{84a8ebd7-7cf0-47f6-b75e-d441df67da40}</UniqueIdentifier>
    </Filter>
    <Filter Include="resource">
      <UniqueIdentifier>{715254bc-d70b-4ec5-bf29-467dd3ace079}</UniqueIdentifier>
    </Filter>
    <Filter Include="src">
      <UniqueIdentifier>{bb6c862e-70e9-49d9-81b7-3829a6f50471}</UniqueIdentifier>
    </Filter>
    <Filter Include="src\Menu">
      <UniqueIdentifier>{cbe50f88-35b5-48ad-8c16-df40cbdf5398}</UniqueIdentifier>
    </Filter>
    <Filter Include="src\Menu\StartMenu">
      <UniqueIdentifier>{27a6fb9a-97a0-4f9f-99a9-fdae3fad52b8}</UniqueIdentifier>
    </Filter>
    <Filter Include="src\PlayGame">
      <UniqueIdentifier>{de49f96d-7b03-47c7-a3d2-2a73dc30f756}</UniqueIdentifier>
    </Filter>
    <Filter Include="src\MapMaking">
      <UniqueIdentifier>{b4039de4-4dd1-4d56-b3bc-02028be20c8f}</UniqueIdentifier>
    </Filter>
    <Filter Include="src\Sound">
      <UniqueIdentifier>{08345f24-4f9e-4242-802f-c266c5b19fe6}</UniqueIdentifier>
    </Filter>
    <Filter Include="src\Util">
      <UniqueIdentifier>{cf9329dc-c826-447c-a4af-efef954303cb}</UniqueIdentifier>
    </Filter>
    <Filter Include="src\Util\File">
      <UniqueIdentifier>{acb00f08-3c79-4911-8677-cb52b556f837}</UniqueIdentifier>
    </Filter>
    <Filter Include="src\Util\Language">
      <UniqueIdentifier>{f6c7145c-8891-47dc-8e13-d9e6a0aa8cc3}</UniqueIdentifier>
    </Filter>
    <Filter Include="src\Util\database">
      <UniqueIdentifier>{7471202f-db09-48c5-89a7-ee49d370e76c}</UniqueIdentifier>
    </Filter>
    <Filter Include="src\PlayGame\main game">
      <UniqueIdentifier>{3a6cb97a-91ff-4c6e-8bc3-64d60f54c8a4}</UniqueIdentifier>
    </Filter>
    <Filter Include="src\PlayGame\main game\layers">
      <UniqueIdentifier>{8b964ded-1df2-4124-94c6-37a97c15b373}</UniqueIdentifier>
    </Filter>
    <Filter Include="src\PlayGame\main game\layers\background">
      <UniqueIdentifier>{f83844cd-acdf-4d33-98a2-c033f1c135cf}</UniqueIdentifier>
    </Filter>
    <Filter Include="src\PlayGame\main game\layers\object">
      <UniqueIdentifier>{6e6644a0-7d8c-42cd-bf03-438e5c71dc3d}</UniqueIdentifier>
    </Filter>
    <Filter Include="src\GameMap">
      <UniqueIdentifier>{d9a81e2a-0530-47dd-9e03-fef7b5fd11b3}</UniqueIdentifier>
    </Filter>
  </ItemGroup>
  <ItemGroup>
    <ClCompile Include="main.cpp">
      <Filter>win32</Filter>
    </ClCompile>
    <ClCompile Include="..\Classes\AppDelegate.cpp">
      <Filter>src</Filter>
    </ClCompile>
    <ClCompile Include="..\Classes\DBContext.cpp">
      <Filter>src\Util\database</Filter>
    </ClCompile>
    <ClCompile Include="..\Classes\MainMenuScene.cpp">
      <Filter>src\Menu\StartMenu</Filter>
    </ClCompile>
    <ClCompile Include="..\Classes\SoundManager.cpp">
      <Filter>src\Sound</Filter>
    </ClCompile>
    <ClCompile Include="..\Classes\FileUtil.cpp">
      <Filter>src\Util\File</Filter>
    </ClCompile>
    <ClCompile Include="..\Classes\Translator.cpp">
      <Filter>src\Util\Language</Filter>
    </ClCompile>
    <ClCompile Include="..\Classes\MapMakingScene.cpp">
      <Filter>src\MapMaking</Filter>
    </ClCompile>
    <ClCompile Include="..\Classes\Utility.cpp">
      <Filter>src\Util</Filter>
    </ClCompile>
    <ClCompile Include="..\Classes\MainGameScene.cpp">
      <Filter>src\PlayGame\main game</Filter>
    </ClCompile>
    <ClCompile Include="..\Classes\GameBackgroundLayer.cpp">
      <Filter>src\PlayGame\main game\layers\background</Filter>
    </ClCompile>
    <ClCompile Include="..\Classes\GameObjectLayer.cpp">
      <Filter>src\PlayGame\main game\layers\object</Filter>
    </ClCompile>
    <ClCompile Include="..\Classes\GameMap.cpp">
      <Filter>src\GameMap</Filter>
    </ClCompile>
  </ItemGroup>
  <ItemGroup>
    <ClInclude Include="main.h">
      <Filter>win32</Filter>
    </ClInclude>
    <ClInclude Include="..\Classes\AppDelegate.h">
      <Filter>src</Filter>
    </ClInclude>
    <ClInclude Include="..\Classes\DBContext.h">
      <Filter>src\Util\database</Filter>
    </ClInclude>
    <ClInclude Include="..\Classes\MainMenuScene.h">
      <Filter>src\Menu\StartMenu</Filter>
    </ClInclude>
    <ClInclude Include="..\Classes\SoundManager.h">
      <Filter>src\Sound</Filter>
    </ClInclude>
    <ClInclude Include="..\Classes\FileUtil.h">
      <Filter>src\Util\File</Filter>
    </ClInclude>
    <ClInclude Include="..\Classes\Translator.h">
      <Filter>src\Util\Language</Filter>
    </ClInclude>
    <ClInclude Include="..\Classes\MapMakingScene.h">
      <Filter>src\MapMaking</Filter>
    </ClInclude>
    <ClInclude Include="..\Classes\Utility.h">
      <Filter>src\Util</Filter>
    </ClInclude>
    <ClInclude Include="..\Classes\LangDefine.h">
      <Filter>src\Util\Language</Filter>
    </ClInclude>
    <ClInclude Include="..\Classes\MainGameScene.h">
      <Filter>src\PlayGame\main game</Filter>
    </ClInclude>
    <ClInclude Include="..\Classes\GameBackgroundLayer.h">
      <Filter>src\PlayGame\main game\layers\background</Filter>
    </ClInclude>
    <ClInclude Include="..\Classes\GameMap.h">
      <Filter>src\GameMap</Filter>
    </ClInclude>
    <ClInclude Include="..\Classes\GameConfig.h">
      <Filter>src</Filter>
    </ClInclude>
    <ClInclude Include="..\Classes\GameObjectLayer.h">
      <Filter>src\PlayGame\main game\layers\object</Filter>
    </ClInclude>
  </ItemGroup>
  <ItemGroup>
    <ResourceCompile Include="game.rc">
      <Filter>resource</Filter>
    </ResourceCompile>
  </ItemGroup>
</Project>